
Microsoft Visual Studio Solution File, Format Version 12.00
# Visual Studio Version 16
VisualStudioVersion = 16.0.31205.134
MinimumVisualStudioVersion = 10.0.40219.1
Project("{9A19103F-16F7-4668-BE54-9A1E7A4F7556}") = "gitConsole", "gitConsole.csproj", "{9733DFD5-CAE7-4854-BC2E-8FC0494D499B}"
EndProject
Global
	GlobalSection(SolutionConfigurationPlatforms) = preSolution
		Debug|Any CPU = Debug|Any CPU
		Release|Any CPU = Release|Any CPU
	EndGlobalSection
	GlobalSection(ProjectConfigurationPlatforms) = postSolution
		{9733DFD5-CAE7-4854-BC2E-8FC0494D499B}.Debug|Any CPU.ActiveCfg = Debug|Any CPU
		{9733DFD5-CAE7-4854-BC2E-8FC0494D499B}.Debug|Any CPU.Build.0 = Debug|Any CPU
		{9733DFD5-CAE7-4854-BC2E-8FC0494D499B}.Release|Any CPU.ActiveCfg = Release|Any CPU
		{9733DFD5-CAE7-4854-BC2E-8FC0494D499B}.Release|Any CPU.Build.0 = Release|Any CPU
	EndGlobalSection
	GlobalSection(SolutionProperties) = preSolution
		HideSolutionNode = FALSE
	EndGlobalSection
	GlobalSection(ExtensibilityGlobals) = postSolution
		SolutionGuid = {AC0DDBC8-9FE4-4296-B76F-B14F783386A4}
	EndGlobalSection
EndGlobal
